<?xml version="1.0" encoding="utf-8"?>
<Project ToolsVersion="4.0" xmlns="http://schemas.microsoft.com/developer/msbuild/2003">
  <ItemGroup>
    <ClInclude Include="..\include\refl.h">
      <Filter>include</Filter>
    </ClInclude>
    <ClInclude Include="..\include\json.h">
      <Filter>include</Filter>
    </ClInclude>
    <ClInclude Include="..\include\graph.h">
      <Filter>include</Filter>
    </ClInclude>
    <ClInclude Include="..\include\event.h">
      <Filter>include</Filter>
    </ClInclude>
  </ItemGroup>
  <ItemGroup>
    <Filter Include="include">
      <UniqueIdentifier>{af9ac97a-4fd1-4989-872f-a366fa6c41e9}</UniqueIdentifier>
    </Filter>
    <Filter Include="src">
      <UniqueIdentifier>{74a1f841-93d4-410a-9ada-8044c1d9f43f}</UniqueIdentifier>
    </Filter>
  </ItemGroup>
  <ItemGroup>
    <ClCompile Include="..\src\refl.cpp">
      <Filter>src</Filter>
    </ClCompile>
    <ClCompile Include="..\src\json.cpp">
      <Filter>src</Filter>
    </ClCompile>
    <ClCompile Include="..\src\graph.cpp">
      <Filter>src</Filter>
    </ClCompile>
    <ClCompile Include="..\include\event.cpp">
      <Filter>src</Filter>
    </ClCompile>
  </ItemGroup>
</Project>